
Microsoft Visual Studio Solution File, Format Version 12.00
# Visual Studio 15
VisualStudioVersion = 15.0.28010.2041
MinimumVisualStudioVersion = 10.0.40219.1
Project("{FAE04EC0-301F-11D3-BF4B-00C04F79EFBC}") = "MassMutualTest", "MassMutualTest\MassMutualTest.csproj", "{78301C84-8DBA-479B-A7DF-31DC4DB3CB3D}"
EndProject
Global
	GlobalSection(SolutionConfigurationPlatforms) = preSolution
		Debug|Any CPU = Debug|Any CPU
		Release|Any CPU = Release|Any CPU
	EndGlobalSection
	GlobalSection(ProjectConfigurationPlatforms) = postSolution
		{78301C84-8DBA-479B-A7DF-31DC4DB3CB3D}.Debug|Any CPU.ActiveCfg = Debug|Any CPU
		{78301C84-8DBA-479B-A7DF-31DC4DB3CB3D}.Debug|Any CPU.Build.0 = Debug|Any CPU
		{78301C84-8DBA-479B-A7DF-31DC4DB3CB3D}.Release|Any CPU.ActiveCfg = Release|Any CPU
		{78301C84-8DBA-479B-A7DF-31DC4DB3CB3D}.Release|Any CPU.Build.0 = Release|Any CPU
	EndGlobalSection
	GlobalSection(SolutionProperties) = preSolution
		HideSolutionNode = FALSE
	EndGlobalSection
	GlobalSection(ExtensibilityGlobals) = postSolution
		SolutionGuid = {9D3A6ACD-37E2-4978-A937-6146E64CED9B}
	EndGlobalSection
EndGlobal
